// !$*UTF8*$!
{
	archiveVersion = 1;
	classes = {
	};
	objectVersion = 77;
	objects = {

/* Begin PBXBuildFile section */
		7F2548323045784300ECE16E /* KoaneKoanikisLettersStorage in Frameworks */ = {isa = PBXBuildFile; productRef = 7FA9A5303001D16300DCA780 /* KoaneKoanikisLettersStorage */; };
		7F55F6E0304542F200182FAF /* KoaGiftsStorage in Frameworks */ = {isa = PBXBuildFile; productRef = 7F55F6DF304542F200182FAF /* KoaGiftsStorage */; };
		7F5846DB2FF8C4ED00BF9F6E /* AudioPlayer in Frameworks */ = {isa = PBXBuildFile; productRef = 7F5846DA2FF8C4ED00BF9F6E /* AudioPlayer */; };
/* End PBXBuildFile section */

/* Begin PBXContainerItemProxy section */
		7F9338622FF89B9900809E0F /* PBXContainerItemProxy */ = {
			isa = PBXContainerItemProxy;
			containerPortal = 7F93384C2FF89B9800809E0F /* Project object */;
			proxyType = 1;
			remoteGlobalIDString = 7F9338532FF89B9800809E0F;
			remoteInfo = AkugakiKoaGifts;
		};
		7F93386C2FF89B9900809E0F /* PBXContainerItemProxy */ = {
			isa = PBXContainerItemProxy;
			containerPortal = 7F93384C2FF89B9800809E0F /* Project object */;
			proxyType = 1;
			remoteGlobalIDString = 7F9338532FF89B9800809E0F;
			remoteInfo = AkugakiKoaGifts;
		};
/* End PBXContainerItemProxy section */

/* Begin PBXFileReference section */
		7F9338542FF89B9800809E0F /* AkugakiKoaGifts.app */ = {isa = PBXFileReference; explicitFileType = wrapper.application; includeInIndex = 0; path = AkugakiKoaGifts.app; sourceTree = BUILT_PRODUCTS_DIR; };
		7F9338612FF89B9900809E0F /* AkugakiKoaGiftsTests.xctest */ = {isa = PBXFileReference; explicitFileType = wrapper.cfbundle; includeInIndex = 0; path = AkugakiKoaGiftsTests.xctest; sourceTree = BUILT_PRODUCTS_DIR; };
		7F93386B2FF89B9900809E0F /* AkugakiKoaGiftsUITests.xctest */ = {isa = PBXFileReference; explicitFileType = wrapper.cfbundle; includeInIndex = 0; path = AkugakiKoaGiftsUITests.xctest; sourceTree = BUILT_PRODUCTS_DIR; };
/* End PBXFileReference section */

/* Begin PBXFileSystemSynchronizedRootGroup section */
		7F9338562FF89B9800809E0F /* AkugakiKoaGifts */ = {
			isa = PBXFileSystemSynchronizedRootGroup;
			path = AkugakiKoaGifts;
			sourceTree = "<group>";
		};
		7F9338642FF89B9900809E0F /* AkugakiKoaGiftsTests */ = {
			isa = PBXFileSystemSynchronizedRootGroup;
			path = AkugakiKoaGiftsTests;
			sourceTree = "<group>";
		};
		7F93386E2FF89B9900809E0F /* AkugakiKoaGiftsUITests */ = {
			isa = PBXFileSystemSynchronizedRootGroup;
			path = AkugakiKoaGiftsUITests;
			sourceTree = "<group>";
		};
/* End PBXFileSystemSynchronizedRootGroup section */

/* Begin PBXFrameworksBuildPhase section */
		7F9338512FF89B9800809E0F /* Frameworks */ = {
			isa = PBXFrameworksBuildPhase;
			buildActionMask = 2147483647;
			files = (
				7F2548323045784300ECE16E /* KoaneKoanikisLettersStorage in Frameworks */,
				7F5846DB2FF8C4ED00BF9F6E /* AudioPlayer in Frameworks */,
				7F55F6E0304542F200182FAF /* KoaGiftsStorage in Frameworks */,
			);
			runOnlyForDeploymentPostprocessing = 0;
		};
		7F93385E2FF89B9900809E0F /* Frameworks */ = {
			isa = PBXFrameworksBuildPhase;
			buildActionMask = 2147483647;
			files = (
			);
			runOnlyForDeploymentPostprocessing = 0;
		};
		7F9338682FF89B9900809E0F /* Frameworks */ = {
			isa = PBXFrameworksBuildPhase;
			buildActionMask = 2147483647;
			files = (
			);
			runOnlyForDeploymentPostprocessing = 0;
		};
/* End PBXFrameworksBuildPhase section */

/* Begin PBXGroup section */
		7F5846D92FF8C4ED00BF9F6E /* Frameworks */ = {
			isa = PBXGroup;
			children = (
			);
			name = Frameworks;
			sourceTree = "<group>";
		};
		7F93384B2FF89B9800809E0F = {
			isa = PBXGroup;
			children = (
				7F9338562FF89B9800809E0F /* AkugakiKoaGifts */,
				7F9338642FF89B9900809E0F /* AkugakiKoaGiftsTests */,
				7F93386E2FF89B9900809E0F /* AkugakiKoaGiftsUITests */,
				7F5846D92FF8C4ED00BF9F6E /* Frameworks */,
				7F9338552FF89B9800809E0F /* Products */,
			);
			sourceTree = "<group>";
		};
		7F9338552FF89B9800809E0F /* Products */ = {
			isa = PBXGroup;
			children = (
				7F9338542FF89B9800809E0F /* AkugakiKoaGifts.app */,
				7F9338612FF89B9900809E0F /* AkugakiKoaGiftsTests.xctest */,
				7F93386B2FF89B9900809E0F /* AkugakiKoaGiftsUITests.xctest */,
			);
			name = Products;
			sourceTree = "<group>";
		};
/* End PBXGroup section */

/* Begin PBXNativeTarget section */
		7F9338532FF89B9800809E0F /* AkugakiKoaGifts */ = {
			isa = PBXNativeTarget;
			buildConfigurationList = 7F9338752FF89B9900809E0F /* Build configuration list for PBXNativeTarget "AkugakiKoaGifts" */;
			buildPhases = (
				7F9338502FF89B9800809E0F /* Sources */,
				7F9338512FF89B9800809E0F /* Frameworks */,
				7F9338522FF89B9800809E0F /* Resources */,
			);
			buildRules = (
			);
			dependencies = (
				7FA9A52F3001D15700DCA780 /* PBXTargetDependency */,
				7F5846D82FF8C4D800BF9F6E /* PBXTargetDependency */,
			);
			fileSystemSynchronizedGroups = (
				7F9338562FF89B9800809E0F /* AkugakiKoaGifts */,
			);
			name = AkugakiKoaGifts;
			packageProductDependencies = (
				7F5846DA2FF8C4ED00BF9F6E /* AudioPlayer */,
				7FA9A5303001D16300DCA780 /* KoaneKoanikisLettersStorage */,
				7F55F6DF304542F200182FAF /* KoaGiftsStorage */,
			);
			productName = AkugakiKoaGifts;
			productReference = 7F9338542FF89B9800809E0F /* AkugakiKoaGifts.app */;
			productType = "com.apple.product-type.application";
		};
		7F9338602FF89B9900809E0F /* AkugakiKoaGiftsTests */ = {
			isa = PBXNativeTarget;
			buildConfigurationList = 7F9338782FF89B9900809E0F /* Build configuration list for PBXNativeTarget "AkugakiKoaGiftsTests" */;
			buildPhases = (
				7F93385D2FF89B9900809E0F /* Sources */,
				7F93385E2FF89B9900809E0F /* Frameworks */,
				7F93385F2FF89B9900809E0F /* Resources */,
			);
			buildRules = (
			);
			dependencies = (
				7F9338632FF89B9900809E0F /* PBXTargetDependency */,
			);
			fileSystemSynchronizedGroups = (
				7F9338642FF89B9900809E0F /* AkugakiKoaGiftsTests */,
			);
			name = AkugakiKoaGiftsTests;
			packageProductDependencies = (
			);
			productName = AkugakiKoaGiftsTests;
			productReference = 7F9338612FF89B9900809E0F /* AkugakiKoaGiftsTests.xctest */;
			productType = "com.apple.product-type.bundle.unit-test";
		};
		7F93386A2FF89B9900809E0F /* AkugakiKoaGiftsUITests */ = {
			isa = PBXNativeTarget;
			buildConfigurationList = 7F93387B2FF89B9900809E0F /* Build configuration list for PBXNativeTarget "AkugakiKoaGiftsUITests" */;
			buildPhases = (
				7F9338672FF89B9900809E0F /* Sources */,
				7F9338682FF89B9900809E0F /* Frameworks */,
				7F9338692FF89B9900809E0F /* Resources */,
			);
			buildRules = (
			);
			dependencies = (
				7F93386D2FF89B9900809E0F /* PBXTargetDependency */,
			);
			fileSystemSynchronizedGroups = (
				7F93386E2FF89B9900809E0F /* AkugakiKoaGiftsUITests */,
			);
			name = AkugakiKoaGiftsUITests;
			packageProductDependencies = (
			);
			productName = AkugakiKoaGiftsUITests;
			productReference = 7F93386B2FF89B9900809E0F /* AkugakiKoaGiftsUITests.xctest */;
			productType = "com.apple.product-type.bundle.ui-testing";
		};
/* End PBXNativeTarget section */

/* Begin PBXProject section */
		7F93384C2FF89B9800809E0F /* Project object */ = {
			isa = PBXProject;
			attributes = {
				BuildIndependentTargetsInParallel = 1;
				LastSwiftUpdateCheck = 2630;
				LastUpgradeCheck = 2630;
				TargetAttributes = {
					7F9338532FF89B9800809E0F = {
						CreatedOnToolsVersion = 26.3;
					};
					7F9338602FF89B9900809E0F = {
						CreatedOnToolsVersion = 26.3;
						TestTargetID = 7F9338532FF89B9800809E0F;
					};
					7F93386A2FF89B9900809E0F = {
						CreatedOnToolsVersion = 26.3;
						TestTargetID = 7F9338532FF89B9800809E0F;
					};
				};
			};
			buildConfigurationList = 7F93384F2FF89B9800809E0F /* Build configuration list for PBXProject "AkugakiKoaGifts" */;
			developmentRegion = en;
			hasScannedForEncodings = 0;
			knownRegions = (
				en,
				Base,
			);
			mainGroup = 7F93384B2FF89B9800809E0F;
			minimizedProjectReferenceProxies = 1;
			packageReferences = (
				7F5846D62FF8C4C300BF9F6E /* XCLocalSwiftPackageReference "../AudioPlayer" */,
				7FA9A52D3001D14900DCA780 /* XCLocalSwiftPackageReference "../KoaneKoanikisLettersStorage" */,
				7F55F6DE304542DD00182FAF /* XCLocalSwiftPackageReference "../KoaGiftsStorage" */,
			);
			preferredProjectObjectVersion = 77;
			productRefGroup = 7F9338552FF89B9800809E0F /* Products */;
			projectDirPath = "";
			projectRoot = "";
			targets = (
				7F9338532FF89B9800809E0F /* AkugakiKoaGifts */,
				7F9338602FF89B9900809E0F /* AkugakiKoaGiftsTests */,
				7F93386A2FF89B9900809E0F /* AkugakiKoaGiftsUITests */,
			);
		};
/* End PBXProject section */

/* Begin PBXResourcesBuildPhase section */
		7F9338522FF89B9800809E0F /* Resources */ = {
			isa = PBXResourcesBuildPhase;
			buildActionMask = 2147483647;
			files = (
			);
			runOnlyForDeploymentPostprocessing = 0;
		};
		7F93385F2FF89B9900809E0F /* Resources */ = {
			isa = PBXResourcesBuildPhase;
			buildActionMask = 2147483647;
			files = (
			);
			runOnlyForDeploymentPostprocessing = 0;
		};
		7F9338692FF89B9900809E0F /* Resources */ = {
			isa = PBXResourcesBuildPhase;
			buildActionMask = 2147483647;
			files = (
			);
			runOnlyForDeploymentPostprocessing = 0;
		};
/* End PBXResourcesBuildPhase section */

/* Begin PBXSourcesBuildPhase section */
		7F9338502FF89B9800809E0F /* Sources */ = {
			isa = PBXSourcesBuildPhase;
			buildActionMask = 2147483647;
			files = (
			);
			runOnlyForDeploymentPostprocessing = 0;
		};
		7F93385D2FF89B9900809E0F /* Sources */ = {
			isa = PBXSourcesBuildPhase;
			buildActionMask = 2147483647;
			files = (
			);
			runOnlyForDeploymentPostprocessing = 0;
		};
		7F9338672FF89B9900809E0F /* Sources */ = {
			isa = PBXSourcesBuildPhase;
			buildActionMask = 2147483647;
			files = (
			);
			runOnlyForDeploymentPostprocessing = 0;
		};
/* End PBXSourcesBuildPhase section */

/* Begin PBXTargetDependency section */
		7F5846D82FF8C4D800BF9F6E /* PBXTargetDependency */ = {
			isa = PBXTargetDependency;
			productRef = 7F5846D72FF8C4D800BF9F6E /* AudioPlayer */;
		};
		7F9338632FF89B9900809E0F /* PBXTargetDependency */ = {
			isa = PBXTargetDependency;
			target = 7F9338532FF89B9800809E0F /* AkugakiKoaGifts */;
			targetProxy = 7F9338622FF89B9900809E0F /* PBXContainerItemProxy */;
		};
		7F93386D2FF89B9900809E0F /* PBXTargetDependency */ = {
			isa = PBXTargetDependency;
			target = 7F9338532FF89B9800809E0F /* AkugakiKoaGifts */;
			targetProxy = 7F93386C2FF89B9900809E0F /* PBXContainerItemProxy */;
		};
		7FA9A52F3001D15700DCA780 /* PBXTargetDependency */ = {
			isa = PBXTargetDependency;
			productRef = 7FA9A52E3001D15700DCA780 /* KoaneKoanikisLettersStorage */;
		};
/* End PBXTargetDependency section */

/* Begin XCBuildConfiguration section */
		7F9338732FF89B9900809E0F /* Debug */ = {
			isa = XCBuildConfiguration;
			buildSettings = {
				ALWAYS_SEARCH_USER_PATHS = NO;
				ASSETCATALOG_COMPILER_GENERATE_SWIFT_ASSET_SYMBOL_EXTENSIONS = YES;
				CLANG_ANALYZER_NONNULL = YES;
				CLANG_ANALYZER_NUMBER_OBJECT_CONVERSION = YES_AGGRESSIVE;
				CLANG_CXX_LANGUAGE_STANDARD = "gnu++20";
				CLANG_ENABLE_MODULES = YES;
				CLANG_ENABLE_OBJC_ARC = YES;
				CLANG_ENABLE_OBJC_WEAK = YES;
				CLANG_WARN_BLOCK_CAPTURE_AUTORELEASING = YES;
				CLANG_WARN_BOOL_CONVERSION = YES;
				CLANG_WARN_COMMA = YES;
				CLANG_WARN_CONSTANT_CONVERSION = YES;
				CLANG_WARN_DEPRECATED_OBJC_IMPLEMENTATIONS = YES;
				CLANG_WARN_DIRECT_OBJC_ISA_USAGE = YES_ERROR;
				CLANG_WARN_DOCUMENTATION_COMMENTS = YES;
				CLANG_WARN_EMPTY_BODY = YES;
				CLANG_WARN_ENUM_CONVERSION = YES;
				CLANG_WARN_INFINITE_RECURSION = YES;
				CLANG_WARN_INT_CONVERSION = YES;
				CLANG_WARN_NON_LITERAL_NULL_CONVERSION = YES;
				CLANG_WARN_OBJC_IMPLICIT_RETAIN_SELF = YES;
				CLANG_WARN_OBJC_LITERAL_CONVERSION = YES;
				CLANG_WARN_OBJC_ROOT_CLASS = YES_ERROR;
				CLANG_WARN_QUOTED_INCLUDE_IN_FRAMEWORK_HEADER = YES;
				CLANG_WARN_RANGE_LOOP_ANALYSIS = YES;
				CLANG_WARN_STRICT_PROTOTYPES = YES;
				CLANG_WARN_SUSPICIOUS_MOVE = YES;
				CLANG_WARN_UNGUARDED_AVAILABILITY = YES_AGGRESSIVE;
				CLANG_WARN_UNREACHABLE_CODE = YES;
				CLANG_WARN__DUPLICATE_METHOD_MATCH = YES;
				COPY_PHASE_STRIP = NO;
				DEBUG_INFORMATION_FORMAT = dwarf;
				DEVELOPMENT_TEAM = SSVR943U99;
				ENABLE_STRICT_OBJC_MSGSEND = YES;
				ENABLE_TESTABILITY = YES;
				ENABLE_USER_SCRIPT_SANDBOXING = YES;
				GCC_C_LANGUAGE_STANDARD = gnu17;
				GCC_DYNAMIC_NO_PIC = NO;
				GCC_NO_COMMON_BLOCKS = YES;
				GCC_OPTIMIZATION_LEVEL = 0;
				GCC_PREPROCESSOR_DEFINITIONS = (
					"DEBUG=1",
					"$(inherited)",
				);
				GCC_WARN_64_TO_32_BIT_CONVERSION = YES;
				GCC_WARN_ABOUT_RETURN_TYPE = YES_ERROR;
				GCC_WARN_UNDECLARED_SELECTOR = YES;
				GCC_WARN_UNINITIALIZED_AUTOS = YES_AGGRESSIVE;
				GCC_WARN_UNUSED_FUNCTION = YES;
				GCC_WARN_UNUSED_VARIABLE = YES;
				IPHONEOS_DEPLOYMENT_TARGET = 26.2;
				LOCALIZATION_PREFERS_STRING_CATALOGS = YES;
				MTL_ENABLE_DEBUG_INFO = INCLUDE_SOURCE;
				MTL_FAST_MATH = YES;
				ONLY_ACTIVE_ARCH = YES;
				SDKROOT = iphoneos;
				SWIFT_ACTIVE_COMPILATION_CONDITIONS = "DEBUG $(inherited)";
				SWIFT_OPTIMIZATION_LEVEL = "-Onone";
			};
			name = Debug;
		};
		7F9338742FF89B9900809E0F /* Release */ = {
			isa = XCBuildConfiguration;
			buildSettings = {
				ALWAYS_SEARCH_USER_PATHS = NO;
				ASSETCATALOG_COMPILER_GENERATE_SWIFT_ASSET_SYMBOL_EXTENSIONS = YES;
				CLANG_ANALYZER_NONNULL = YES;
				CLANG_ANALYZER_NUMBER_OBJECT_CONVERSION = YES_AGGRESSIVE;
				CLANG_CXX_LANGUAGE_STANDARD = "gnu++20";
				CLANG_ENABLE_MODULES = YES;
				CLANG_ENABLE_OBJC_ARC = YES;
				CLANG_ENABLE_OBJC_WEAK = YES;
				CLANG_WARN_BLOCK_CAPTURE_AUTORELEASING = YES;
				CLANG_WARN_BOOL_CONVERSION = YES;
				CLANG_WARN_COMMA = YES;
				CLANG_WARN_CONSTANT_CONVERSION = YES;
				CLANG_WARN_DEPRECATED_OBJC_IMPLEMENTATIONS = YES;
				CLANG_WARN_DIRECT_OBJC_ISA_USAGE = YES_ERROR;
				CLANG_WARN_DOCUMENTATION_COMMENTS = YES;
				CLANG_WARN_EMPTY_BODY = YES;
				CLANG_WARN_ENUM_CONVERSION = YES;
				CLANG_WARN_INFINITE_RECURSION = YES;
				CLANG_WARN_INT_CONVERSION = YES;
				CLANG_WARN_NON_LITERAL_NULL_CONVERSION = YES;
				CLANG_WARN_OBJC_IMPLICIT_RETAIN_SELF = YES;
				CLANG_WARN_OBJC_LITERAL_CONVERSION = YES;
				CLANG_WARN_OBJC_ROOT_CLASS = YES_ERROR;
				CLANG_WARN_QUOTED_INCLUDE_IN_FRAMEWORK_HEADER = YES;
				CLANG_WARN_RANGE_LOOP_ANALYSIS = YES;
				CLANG_WARN_STRICT_PROTOTYPES = YES;
				CLANG_WARN_SUSPICIOUS_MOVE = YES;
				CLANG_WARN_UNGUARDED_AVAILABILITY = YES_AGGRESSIVE;
				CLANG_WARN_UNREACHABLE_CODE = YES;
				CLANG_WARN__DUPLICATE_METHOD_MATCH = YES;
				COPY_PHASE_STRIP = NO;
				DEBUG_INFORMATION_FORMAT = "dwarf-with-dsym";
				DEVELOPMENT_TEAM = SSVR943U99;
				ENABLE_NS_ASSERTIONS = NO;
				ENABLE_STRICT_OBJC_MSGSEND = YES;
				ENABLE_USER_SCRIPT_SANDBOXING = YES;
				GCC_C_LANGUAGE_STANDARD = gnu17;
				GCC_NO_COMMON_BLOCKS = YES;
				GCC_WARN_64_TO_32_BIT_CONVERSION = YES;
				GCC_WARN_ABOUT_RETURN_TYPE = YES_ERROR;
				GCC_WARN_UNDECLARED_SELECTOR = YES;
				GCC_WARN_UNINITIALIZED_AUTOS = YES_AGGRESSIVE;
				GCC_WARN_UNUSED_FUNCTION = YES;
				GCC_WARN_UNUSED_VARIABLE = YES;
				IPHONEOS_DEPLOYMENT_TARGET = 26.2;
				LOCALIZATION_PREFERS_STRING_CATALOGS = YES;
				MTL_ENABLE_DEBUG_INFO = NO;
				MTL_FAST_MATH = YES;
				SDKROOT = iphoneos;
				SWIFT_COMPILATION_MODE = wholemodule;
				VALIDATE_PRODUCT = YES;
			};
			name = Release;
		};
		7F9338762FF89B9900809E0F /* Debug */ = {
			isa = XCBuildConfiguration;
			buildSettings = {
				ASSETCATALOG_COMPILER_APPICON_NAME = AppIcon;
				ASSETCATALOG_COMPILER_GLOBAL_ACCENT_COLOR_NAME = AccentColor;
				CODE_SIGN_STYLE = Automatic;
				CURRENT_PROJECT_VERSION = 1;
				DEVELOPMENT_TEAM = SSVR943U99;
				ENABLE_PREVIEWS = YES;
				GENERATE_INFOPLIST_FILE = YES;
				INFOPLIST_KEY_NSPhotoLibraryAddUsageDescription = "This app requires permission ONLY to save images into your gallery";
				INFOPLIST_KEY_UIApplicationSceneManifest_Generation = YES;
				INFOPLIST_KEY_UIApplicationSupportsIndirectInputEvents = YES;
				INFOPLIST_KEY_UILaunchScreen_Generation = YES;
				INFOPLIST_KEY_UISupportedInterfaceOrientations = UIInterfaceOrientationPortrait;
				INFOPLIST_KEY_UISupportedInterfaceOrientations_iPad = "UIInterfaceOrientationPortrait UIInterfaceOrientationPortraitUpsideDown";
				IPHONEOS_DEPLOYMENT_TARGET = 18.0;
				LD_RUNPATH_SEARCH_PATHS = (
					"$(inherited)",
					"@executable_path/Frameworks",
				);
				MARKETING_VERSION = 1.0;
				PRODUCT_BUNDLE_IDENTIFIER = com.IsraelGutierrez.AkugakiKoaGifts;
				PRODUCT_NAME = "$(TARGET_NAME)";
				STRING_CATALOG_GENERATE_SYMBOLS = YES;
				SWIFT_APPROACHABLE_CONCURRENCY = YES;
				SWIFT_DEFAULT_ACTOR_ISOLATION = MainActor;
				SWIFT_EMIT_LOC_STRINGS = YES;
				SWIFT_UPCOMING_FEATURE_MEMBER_IMPORT_VISIBILITY = YES;
				SWIFT_VERSION = 5.0;
				TARGETED_DEVICE_FAMILY = "1,2";
			};
			name = Debug;
		};
		7F9338772FF89B9900809E0F /* Release */ = {
			isa = XCBuildConfiguration;
			buildSettings = {
				ASSETCATALOG_COMPILER_APPICON_NAME = AppIcon;
				ASSETCATALOG_COMPILER_GLOBAL_ACCENT_COLOR_NAME = AccentColor;
				CODE_SIGN_STYLE = Automatic;
				CURRENT_PROJECT_VERSION = 1;
				DEVELOPMENT_TEAM = SSVR943U99;
				ENABLE_PREVIEWS = YES;
				GENERATE_INFOPLIST_FILE = YES;
				INFOPLIST_KEY_NSPhotoLibraryAddUsageDescription = "This app requires permission ONLY to save images into your gallery";
				INFOPLIST_KEY_UIApplicationSceneManifest_Generation = YES;
				INFOPLIST_KEY_UIApplicationSupportsIndirectInputEvents = YES;
				INFOPLIST_KEY_UILaunchScreen_Generation = YES;
				INFOPLIST_KEY_UISupportedInterfaceOrientations = UIInterfaceOrientationPortrait;
				INFOPLIST_KEY_UISupportedInterfaceOrientations_iPad = "UIInterfaceOrientationPortrait UIInterfaceOrientationPortraitUpsideDown";
				IPHONEOS_DEPLOYMENT_TARGET = 18.0;
				LD_RUNPATH_SEARCH_PATHS = (
					"$(inherited)",
					"@executable_path/Frameworks",
				);
				MARKETING_VERSION = 1.0;
				PRODUCT_BUNDLE_IDENTIFIER = com.IsraelGutierrez.AkugakiKoaGifts;
				PRODUCT_NAME = "$(TARGET_NAME)";
				STRING_CATALOG_GENERATE_SYMBOLS = YES;
				SWIFT_APPROACHABLE_CONCURRENCY = YES;
				SWIFT_DEFAULT_ACTOR_ISOLATION = MainActor;
				SWIFT_EMIT_LOC_STRINGS = YES;
				SWIFT_UPCOMING_FEATURE_MEMBER_IMPORT_VISIBILITY = YES;
				SWIFT_VERSION = 5.0;
				TARGETED_DEVICE_FAMILY = "1,2";
			};
			name = Release;
		};
		7F9338792FF89B9900809E0F /* Debug */ = {
			isa = XCBuildConfiguration;
			buildSettings = {
				BUNDLE_LOADER = "$(TEST_HOST)";
				CODE_SIGN_STYLE = Automatic;
				CURRENT_PROJECT_VERSION = 1;
				DEVELOPMENT_TEAM = SSVR943U99;
				GENERATE_INFOPLIST_FILE = YES;
				IPHONEOS_DEPLOYMENT_TARGET = 26.2;
				MARKETING_VERSION = 1.0;
				PRODUCT_BUNDLE_IDENTIFIER = com.IsraelGutierrez.AkugakiKoaGiftsTests;
				PRODUCT_NAME = "$(TARGET_NAME)";
				STRING_CATALOG_GENERATE_SYMBOLS = NO;
				SWIFT_APPROACHABLE_CONCURRENCY = YES;
				SWIFT_EMIT_LOC_STRINGS = NO;
				SWIFT_UPCOMING_FEATURE_MEMBER_IMPORT_VISIBILITY = YES;
				SWIFT_VERSION = 5.0;
				TARGETED_DEVICE_FAMILY = "1,2";
				TEST_HOST = "$(BUILT_PRODUCTS_DIR)/AkugakiKoaGifts.app/$(BUNDLE_EXECUTABLE_FOLDER_PATH)/AkugakiKoaGifts";
			};
			name = Debug;
		};
		7F93387A2FF89B9900809E0F /* Release */ = {
			isa = XCBuildConfiguration;
			buildSettings = {
				BUNDLE_LOADER = "$(TEST_HOST)";
				CODE_SIGN_STYLE = Automatic;
				CURRENT_PROJECT_VERSION = 1;
				DEVELOPMENT_TEAM = SSVR943U99;
				GENERATE_INFOPLIST_FILE = YES;
				IPHONEOS_DEPLOYMENT_TARGET = 26.2;
				MARKETING_VERSION = 1.0;
				PRODUCT_BUNDLE_IDENTIFIER = com.IsraelGutierrez.AkugakiKoaGiftsTests;
				PRODUCT_NAME = "$(TARGET_NAME)";
				STRING_CATALOG_GENERATE_SYMBOLS = NO;
				SWIFT_APPROACHABLE_CONCURRENCY = YES;
				SWIFT_EMIT_LOC_STRINGS = NO;
				SWIFT_UPCOMING_FEATURE_MEMBER_IMPORT_VISIBILITY = YES;
				SWIFT_VERSION = 5.0;
				TARGETED_DEVICE_FAMILY = "1,2";
				TEST_HOST = "$(BUILT_PRODUCTS_DIR)/AkugakiKoaGifts.app/$(BUNDLE_EXECUTABLE_FOLDER_PATH)/AkugakiKoaGifts";
			};
			name = Release;
		};
		7F93387C2FF89B9900809E0F /* Debug */ = {
			isa = XCBuildConfiguration;
			buildSettings = {
				CODE_SIGN_STYLE = Automatic;
				CURRENT_PROJECT_VERSION = 1;
				DEVELOPMENT_TEAM = SSVR943U99;
				GENERATE_INFOPLIST_FILE = YES;
				MARKETING_VERSION = 1.0;
				PRODUCT_BUNDLE_IDENTIFIER = com.IsraelGutierrez.AkugakiKoaGiftsUITests;
				PRODUCT_NAME = "$(TARGET_NAME)";
				STRING_CATALOG_GENERATE_SYMBOLS = NO;
				SWIFT_APPROACHABLE_CONCURRENCY = YES;
				SWIFT_EMIT_LOC_STRINGS = NO;
				SWIFT_UPCOMING_FEATURE_MEMBER_IMPORT_VISIBILITY = YES;
				SWIFT_VERSION = 5.0;
				TARGETED_DEVICE_FAMILY = "1,2";
				TEST_TARGET_NAME = AkugakiKoaGifts;
			};
			name = Debug;
		};
		7F93387D2FF89B9900809E0F /* Release */ = {
			isa = XCBuildConfiguration;
			buildSettings = {
				CODE_SIGN_STYLE = Automatic;
				CURRENT_PROJECT_VERSION = 1;
				DEVELOPMENT_TEAM = SSVR943U99;
				GENERATE_INFOPLIST_FILE = YES;
				MARKETING_VERSION = 1.0;
				PRODUCT_BUNDLE_IDENTIFIER = com.IsraelGutierrez.AkugakiKoaGiftsUITests;
				PRODUCT_NAME = "$(TARGET_NAME)";
				STRING_CATALOG_GENERATE_SYMBOLS = NO;
				SWIFT_APPROACHABLE_CONCURRENCY = YES;
				SWIFT_EMIT_LOC_STRINGS = NO;
				SWIFT_UPCOMING_FEATURE_MEMBER_IMPORT_VISIBILITY = YES;
				SWIFT_VERSION = 5.0;
				TARGETED_DEVICE_FAMILY = "1,2";
				TEST_TARGET_NAME = AkugakiKoaGifts;
			};
			name = Release;
		};
/* End XCBuildConfiguration section */

/* Begin XCConfigurationList section */
		7F93384F2FF89B9800809E0F /* Build configuration list for PBXProject "AkugakiKoaGifts" */ = {
			isa = XCConfigurationList;
			buildConfigurations = (
				7F9338732FF89B9900809E0F /* Debug */,
				7F9338742FF89B9900809E0F /* Release */,
			);
			defaultConfigurationIsVisible = 0;
			defaultConfigurationName = Release;
		};
		7F9338752FF89B9900809E0F /* Build configuration list for PBXNativeTarget "AkugakiKoaGifts" */ = {
			isa = XCConfigurationList;
			buildConfigurations = (
				7F9338762FF89B9900809E0F /* Debug */,
				7F9338772FF89B9900809E0F /* Release */,
			);
			defaultConfigurationIsVisible = 0;
			defaultConfigurationName = Release;
		};
		7F9338782FF89B9900809E0F /* Build configuration list for PBXNativeTarget "AkugakiKoaGiftsTests" */ = {
			isa = XCConfigurationList;
			buildConfigurations = (
				7F9338792FF89B9900809E0F /* Debug */,
				7F93387A2FF89B9900809E0F /* Release */,
			);
			defaultConfigurationIsVisible = 0;
			defaultConfigurationName = Release;
		};
		7F93387B2FF89B9900809E0F /* Build configuration list for PBXNativeTarget "AkugakiKoaGiftsUITests" */ = {
			isa = XCConfigurationList;
			buildConfigurations = (
				7F93387C2FF89B9900809E0F /* Debug */,
				7F93387D2FF89B9900809E0F /* Release */,
			);
			defaultConfigurationIsVisible = 0;
			defaultConfigurationName = Release;
		};
/* End XCConfigurationList section */

/* Begin XCLocalSwiftPackageReference section */
		7F55F6DE304542DD00182FAF /* XCLocalSwiftPackageReference "../KoaGiftsStorage" */ = {
			isa = XCLocalSwiftPackageReference;
			relativePath = ../KoaGiftsStorage;
		};
		7F5846D62FF8C4C300BF9F6E /* XCLocalSwiftPackageReference "../AudioPlayer" */ = {
			isa = XCLocalSwiftPackageReference;
			relativePath = ../AudioPlayer;
		};
		7FA9A52D3001D14900DCA780 /* XCLocalSwiftPackageReference "../KoaneKoanikisLettersStorage" */ = {
			isa = XCLocalSwiftPackageReference;
			relativePath = ../KoaneKoanikisLettersStorage;
		};
/* End XCLocalSwiftPackageReference section */

/* Begin XCSwiftPackageProductDependency section */
		7F55F6DF304542F200182FAF /* KoaGiftsStorage */ = {
			isa = XCSwiftPackageProductDependency;
			package = 7F55F6DE304542DD00182FAF /* XCLocalSwiftPackageReference "../KoaGiftsStorage" */;
			productName = KoaGiftsStorage;
		};
		7F5846D72FF8C4D800BF9F6E /* AudioPlayer */ = {
			isa = XCSwiftPackageProductDependency;
			package = 7F5846D62FF8C4C300BF9F6E /* XCLocalSwiftPackageReference "../AudioPlayer" */;
			productName = AudioPlayer;
		};
		7F5846DA2FF8C4ED00BF9F6E /* AudioPlayer */ = {
			isa = XCSwiftPackageProductDependency;
			package = 7F5846D62FF8C4C300BF9F6E /* XCLocalSwiftPackageReference "../AudioPlayer" */;
			productName = AudioPlayer;
		};
		7FA9A52E3001D15700DCA780 /* KoaneKoanikisLettersStorage */ = {
			isa = XCSwiftPackageProductDependency;
			package = 7FA9A52D3001D14900DCA780 /* XCLocalSwiftPackageReference "../KoaneKoanikisLettersStorage" */;
			productName = KoaneKoanikisLettersStorage;
		};
		7FA9A5303001D16300DCA780 /* KoaneKoanikisLettersStorage */ = {
			isa = XCSwiftPackageProductDependency;
			package = 7FA9A52D3001D14900DCA780 /* XCLocalSwiftPackageReference "../KoaneKoanikisLettersStorage" */;
			productName = KoaneKoanikisLettersStorage;
		};
/* End XCSwiftPackageProductDependency section */
	};
	rootObject = 7F93384C2FF89B9800809E0F /* Project object */;
}
